
Microsoft Visual Studio Solution File, Format Version 12.00
# Visual Studio Version 17
VisualStudioVersion = 17.0.31903.59
MinimumVisualStudioVersion = 10.0.40219.1
Project("{FAE04EC0-301F-11D3-BF4B-00C04F79EFBC}") = "PetAdoption.API", "PetAdoption.API\PetAdoption.API.csproj", "{878E6B3B-00CC-40CC-A138-36DF2AA98AA9}"
EndProject
Project("{FAE04EC0-301F-11D3-BF4B-00C04F79EFBC}") = "PetAdoption.Business", "PetAdoption.Business\PetAdoption.Business.csproj", "{253F9FB9-4D07-45C9-A6BD-7E315160EFE3}"
EndProject
Project("{FAE04EC0-301F-11D3-BF4B-00C04F79EFBC}") = "PetAdoption.DataLayer", "PetAdoption.DataLayer\PetAdoption.DataLayer.csproj", "{14BFAF32-71DC-493C-873A-4240DFF14813}"
EndProject
Global
	GlobalSection(SolutionConfigurationPlatforms) = preSolution
		Debug|Any CPU = Debug|Any CPU
		Release|Any CPU = Release|Any CPU
	EndGlobalSection
	GlobalSection(SolutionProperties) = preSolution
		HideSolutionNode = FALSE
	EndGlobalSection
	GlobalSection(ProjectConfigurationPlatforms) = postSolution
		{878E6B3B-00CC-40CC-A138-36DF2AA98AA9}.Debug|Any CPU.ActiveCfg = Debug|Any CPU
		{878E6B3B-00CC-40CC-A138-36DF2AA98AA9}.Debug|Any CPU.Build.0 = Debug|Any CPU
		{878E6B3B-00CC-40CC-A138-36DF2AA98AA9}.Release|Any CPU.ActiveCfg = Release|Any CPU
		{878E6B3B-00CC-40CC-A138-36DF2AA98AA9}.Release|Any CPU.Build.0 = Release|Any CPU
		{253F9FB9-4D07-45C9-A6BD-7E315160EFE3}.Debug|Any CPU.ActiveCfg = Debug|Any CPU
		{253F9FB9-4D07-45C9-A6BD-7E315160EFE3}.Debug|Any CPU.Build.0 = Debug|Any CPU
		{253F9FB9-4D07-45C9-A6BD-7E315160EFE3}.Release|Any CPU.ActiveCfg = Release|Any CPU
		{253F9FB9-4D07-45C9-A6BD-7E315160EFE3}.Release|Any CPU.Build.0 = Release|Any CPU
		{14BFAF32-71DC-493C-873A-4240DFF14813}.Debug|Any CPU.ActiveCfg = Debug|Any CPU
		{14BFAF32-71DC-493C-873A-4240DFF14813}.Debug|Any CPU.Build.0 = Debug|Any CPU
		{14BFAF32-71DC-493C-873A-4240DFF14813}.Release|Any CPU.ActiveCfg = Release|Any CPU
		{14BFAF32-71DC-493C-873A-4240DFF14813}.Release|Any CPU.Build.0 = Release|Any CPU
	EndGlobalSection
EndGlobal
